
Microsoft Visual Studio Solution File, Format Version 12.00
Project("{FAE04EC0-301F-11D3-BF4B-00C04F79EFBC}") = "Hangfire.Dashboard.JobSearch", "Hangfire.Dashboard.JobSearch\Hangfire.Dashboard.JobSearch.csproj", "{29416BF7-84B6-4165-BA21-1F80285667B3}"
EndProject
Project("{FAE04EC0-301F-11D3-BF4B-00C04F79EFBC}") = "Hangfire.Dashboard.JobSearch.Example", "Hangfire.Dashboard.JobSearch.Example\Hangfire.Dashboard.JobSearch.Example.csproj", "{8F2BB7A9-EC8D-4303-B69B-30B29943B4A6}"
EndProject
Global
	GlobalSection(SolutionConfigurationPlatforms) = preSolution
		Debug|Any CPU = Debug|Any CPU
		Release|Any CPU = Release|Any CPU
	EndGlobalSection
	GlobalSection(ProjectConfigurationPlatforms) = postSolution
		{29416BF7-84B6-4165-BA21-1F80285667B3}.Debug|Any CPU.ActiveCfg = Debug|Any CPU
		{29416BF7-84B6-4165-BA21-1F80285667B3}.Debug|Any CPU.Build.0 = Debug|Any CPU
		{29416BF7-84B6-4165-BA21-1F80285667B3}.Release|Any CPU.ActiveCfg = Release|Any CPU
		{29416BF7-84B6-4165-BA21-1F80285667B3}.Release|Any CPU.Build.0 = Release|Any CPU
		{8F2BB7A9-EC8D-4303-B69B-30B29943B4A6}.Debug|Any CPU.ActiveCfg = Debug|Any CPU
		{8F2BB7A9-EC8D-4303-B69B-30B29943B4A6}.Debug|Any CPU.Build.0 = Debug|Any CPU
		{8F2BB7A9-EC8D-4303-B69B-30B29943B4A6}.Release|Any CPU.ActiveCfg = Release|Any CPU
		{8F2BB7A9-EC8D-4303-B69B-30B29943B4A6}.Release|Any CPU.Build.0 = Release|Any CPU
	EndGlobalSection
EndGlobal
